
Microsoft Visual Studio Solution File, Format Version 12.00
# Visual Studio 14
VisualStudioVersion = 14.0.25420.1
MinimumVisualStudioVersion = 10.0.40219.1
Project("{FAE04EC0-301F-11D3-BF4B-00C04F79EFBC}") = "Insertion-order.Api", "Insertion-order.Api\Insertion-order.Api.csproj", "{B74457BB-3D3D-4B97-B0CA-061338438EDB}"
EndProject
Project("{FAE04EC0-301F-11D3-BF4B-00C04F79EFBC}") = "Insertion-order.Api.Tests", "Insertion-order.Api.Tests\Insertion-order.Api.Tests.csproj", "{88230BEC-A347-40DB-BC7B-EDBB0B950169}"
EndProject
Project("{FAE04EC0-301F-11D3-BF4B-00C04F79EFBC}") = "Insertion-order.Web", "Insertion-order.Web\Insertion-order.Web.csproj", "{85FBF044-A992-4A59-8FE7-4C9FED3D5B1B}"
EndProject
Project("{FAE04EC0-301F-11D3-BF4B-00C04F79EFBC}") = "Insertion-order.Web.Tests", "Insertion-order.Web.Tests\Insertion-order.Web.Tests.csproj", "{458C8DAF-3337-4C7B-A6D8-33924CDBD0E0}"
EndProject
Global
	GlobalSection(SolutionConfigurationPlatforms) = preSolution
		Debug|Any CPU = Debug|Any CPU
		Release|Any CPU = Release|Any CPU
	EndGlobalSection
	GlobalSection(ProjectConfigurationPlatforms) = postSolution
		{B74457BB-3D3D-4B97-B0CA-061338438EDB}.Debug|Any CPU.ActiveCfg = Debug|Any CPU
		{B74457BB-3D3D-4B97-B0CA-061338438EDB}.Debug|Any CPU.Build.0 = Debug|Any CPU
		{B74457BB-3D3D-4B97-B0CA-061338438EDB}.Release|Any CPU.ActiveCfg = Release|Any CPU
		{B74457BB-3D3D-4B97-B0CA-061338438EDB}.Release|Any CPU.Build.0 = Release|Any CPU
		{88230BEC-A347-40DB-BC7B-EDBB0B950169}.Debug|Any CPU.ActiveCfg = Debug|Any CPU
		{88230BEC-A347-40DB-BC7B-EDBB0B950169}.Debug|Any CPU.Build.0 = Debug|Any CPU
		{88230BEC-A347-40DB-BC7B-EDBB0B950169}.Release|Any CPU.ActiveCfg = Release|Any CPU
		{88230BEC-A347-40DB-BC7B-EDBB0B950169}.Release|Any CPU.Build.0 = Release|Any CPU
		{85FBF044-A992-4A59-8FE7-4C9FED3D5B1B}.Debug|Any CPU.ActiveCfg = Debug|Any CPU
		{85FBF044-A992-4A59-8FE7-4C9FED3D5B1B}.Debug|Any CPU.Build.0 = Debug|Any CPU
		{85FBF044-A992-4A59-8FE7-4C9FED3D5B1B}.Release|Any CPU.ActiveCfg = Release|Any CPU
		{85FBF044-A992-4A59-8FE7-4C9FED3D5B1B}.Release|Any CPU.Build.0 = Release|Any CPU
		{458C8DAF-3337-4C7B-A6D8-33924CDBD0E0}.Debug|Any CPU.ActiveCfg = Debug|Any CPU
		{458C8DAF-3337-4C7B-A6D8-33924CDBD0E0}.Debug|Any CPU.Build.0 = Debug|Any CPU
		{458C8DAF-3337-4C7B-A6D8-33924CDBD0E0}.Release|Any CPU.ActiveCfg = Release|Any CPU
		{458C8DAF-3337-4C7B-A6D8-33924CDBD0E0}.Release|Any CPU.Build.0 = Release|Any CPU
	EndGlobalSection
	GlobalSection(SolutionProperties) = preSolution
		HideSolutionNode = FALSE
	EndGlobalSection
EndGlobal
